
Microsoft Visual Studio Solution File, Format Version 12.00
# Visual Studio Version 16
VisualStudioVersion = 16.0.30717.126
MinimumVisualStudioVersion = 10.0.40219.1
Project("{FAE04EC0-301F-11D3-BF4B-00C04F79EFBC}") = "AdventOfCode2020", "AdventOfCode2020\AdventOfCode2020.csproj", "{B1539A80-9C3C-484D-ABEE-12457D00F40F}"
EndProject
Project("{FAE04EC0-301F-11D3-BF4B-00C04F79EFBC}") = "AdventOfCode2020.Tests", "AdventOfCode2020.Tests\AdventOfCode2020.Tests.csproj", "{14B3C3E9-E7EE-423B-860E-4ECD357EBD2B}"
EndProject
Global
	GlobalSection(SolutionConfigurationPlatforms) = preSolution
		Debug|Any CPU = Debug|Any CPU
		Release|Any CPU = Release|Any CPU
	EndGlobalSection
	GlobalSection(ProjectConfigurationPlatforms) = postSolution
		{B1539A80-9C3C-484D-ABEE-12457D00F40F}.Debug|Any CPU.ActiveCfg = Debug|Any CPU
		{B1539A80-9C3C-484D-ABEE-12457D00F40F}.Debug|Any CPU.Build.0 = Debug|Any CPU
		{B1539A80-9C3C-484D-ABEE-12457D00F40F}.Release|Any CPU.ActiveCfg = Release|Any CPU
		{B1539A80-9C3C-484D-ABEE-12457D00F40F}.Release|Any CPU.Build.0 = Release|Any CPU
		{14B3C3E9-E7EE-423B-860E-4ECD357EBD2B}.Debug|Any CPU.ActiveCfg = Debug|Any CPU
		{14B3C3E9-E7EE-423B-860E-4ECD357EBD2B}.Debug|Any CPU.Build.0 = Debug|Any CPU
		{14B3C3E9-E7EE-423B-860E-4ECD357EBD2B}.Release|Any CPU.ActiveCfg = Release|Any CPU
		{14B3C3E9-E7EE-423B-860E-4ECD357EBD2B}.Release|Any CPU.Build.0 = Release|Any CPU
	EndGlobalSection
	GlobalSection(SolutionProperties) = preSolution
		HideSolutionNode = FALSE
	EndGlobalSection
	GlobalSection(ExtensibilityGlobals) = postSolution
		SolutionGuid = {418DDBD7-7818-430A-A4FA-2F560981C60E}
	EndGlobalSection
EndGlobal
